
Microsoft Visual Studio Solution File, Format Version 12.00
# Visual Studio Version 16
VisualStudioVersion = 16.0.30804.86
MinimumVisualStudioVersion = 10.0.40219.1
Project("{FAE04EC0-301F-11D3-BF4B-00C04F79EFBC}") = "sharpdisasm_test", "sharpdisasm_test\sharpdisasm_test.csproj", "{DD6FD94D-2E8C-405D-A245-CB1016E91B08}"
EndProject
Global
	GlobalSection(SolutionConfigurationPlatforms) = preSolution
		Debug|Any CPU = Debug|Any CPU
		Release|Any CPU = Release|Any CPU
	EndGlobalSection
	GlobalSection(ProjectConfigurationPlatforms) = postSolution
		{DD6FD94D-2E8C-405D-A245-CB1016E91B08}.Debug|Any CPU.ActiveCfg = Debug|Any CPU
		{DD6FD94D-2E8C-405D-A245-CB1016E91B08}.Debug|Any CPU.Build.0 = Debug|Any CPU
		{DD6FD94D-2E8C-405D-A245-CB1016E91B08}.Release|Any CPU.ActiveCfg = Release|Any CPU
		{DD6FD94D-2E8C-405D-A245-CB1016E91B08}.Release|Any CPU.Build.0 = Release|Any CPU
	EndGlobalSection
	GlobalSection(SolutionProperties) = preSolution
		HideSolutionNode = FALSE
	EndGlobalSection
	GlobalSection(ExtensibilityGlobals) = postSolution
		SolutionGuid = {81AB54A4-3235-43CA-943F-DD9F8ACE3B7D}
	EndGlobalSection
EndGlobal
